Microsoft Visual Studio Solution File, Format Version 8.00
Project("{8BC9CEB8-8B4A-11D0-8D11-00A0C91BC942}") = "JCF", "JCF.vcproj", "{83BCE831-06A4-453E-A562-A4AC13532A38}"
	ProjectSection(ProjectDependencies) = postProject
	EndProjectSection
EndProject
Global
	GlobalSection(SolutionConfiguration) = preSolution
		Debug = Debug
		Release = Release
	EndGlobalSection
	GlobalSection(ProjectConfiguration) = postSolution
		{83BCE831-06A4-453E-A562-A4AC13532A38}.Debug.ActiveCfg = Debug|Win32
		{83BCE831-06A4-453E-A562-A4AC13532A38}.Debug.Build.0 = Debug|Win32
		{83BCE831-06A4-453E-A562-A4AC13532A38}.Release.ActiveCfg = Release|Win32
		{83BCE831-06A4-453E-A562-A4AC13532A38}.Release.Build.0 = Release|Win32
	EndGlobalSection
	GlobalSection(ExtensibilityGlobals) = postSolution
	EndGlobalSection
	GlobalSection(ExtensibilityAddIns) = postSolution
	EndGlobalSection
EndGlobal
